
Microsoft Visual Studio Solution File, Format Version 12.00
# Visual Studio Version 17
VisualStudioVersion = 17.6.33801.468
MinimumVisualStudioVersion = 10.0.40219.1
Project("{FAE04EC0-301F-11D3-BF4B-00C04F79EFBC}") = "DataScience ИК", "DataScience ИК\DataScience ИК.csproj", "{727DEA14-C564-43C7-AD31-31AA44B7E200}"
EndProject
Global
	GlobalSection(SolutionConfigurationPlatforms) = preSolution
		Debug|Any CPU = Debug|Any CPU
		Release|Any CPU = Release|Any CPU
	EndGlobalSection
	GlobalSection(ProjectConfigurationPlatforms) = postSolution
		{727DEA14-C564-43C7-AD31-31AA44B7E200}.Debug|Any CPU.ActiveCfg = Debug|Any CPU
		{727DEA14-C564-43C7-AD31-31AA44B7E200}.Debug|Any CPU.Build.0 = Debug|Any CPU
		{727DEA14-C564-43C7-AD31-31AA44B7E200}.Release|Any CPU.ActiveCfg = Release|Any CPU
		{727DEA14-C564-43C7-AD31-31AA44B7E200}.Release|Any CPU.Build.0 = Release|Any CPU
	EndGlobalSection
	GlobalSection(SolutionProperties) = preSolution
		HideSolutionNode = FALSE
	EndGlobalSection
	GlobalSection(ExtensibilityGlobals) = postSolution
		SolutionGuid = {F4A4A484-15EA-4E2C-BF51-7A6047182982}
	EndGlobalSection
EndGlobal
